
Microsoft Visual Studio Solution File, Format Version 12.00
# Visual Studio Version 16
VisualStudioVersion = 16.0.32106.194
MinimumVisualStudioVersion = 10.0.40219.1
Project("{FAE04EC0-301F-11D3-BF4B-00C04F79EFBC}") = "SalesWebMvc", "SalesWebMvc\SalesWebMvc.csproj", "{EF569F33-6D78-4079-A8E7-EF2D15496879}"
EndProject
Global
	GlobalSection(SolutionConfigurationPlatforms) = preSolution
		Debug|Any CPU = Debug|Any CPU
		Release|Any CPU = Release|Any CPU
	EndGlobalSection
	GlobalSection(ProjectConfigurationPlatforms) = postSolution
		{EF569F33-6D78-4079-A8E7-EF2D15496879}.Debug|Any CPU.ActiveCfg = Debug|Any CPU
		{EF569F33-6D78-4079-A8E7-EF2D15496879}.Debug|Any CPU.Build.0 = Debug|Any CPU
		{EF569F33-6D78-4079-A8E7-EF2D15496879}.Release|Any CPU.ActiveCfg = Release|Any CPU
		{EF569F33-6D78-4079-A8E7-EF2D15496879}.Release|Any CPU.Build.0 = Release|Any CPU
	EndGlobalSection
	GlobalSection(SolutionProperties) = preSolution
		HideSolutionNode = FALSE
	EndGlobalSection
	GlobalSection(ExtensibilityGlobals) = postSolution
		SolutionGuid = {5754F5C8-5945-4FC1-84CB-3A9CC41294CD}
	EndGlobalSection
EndGlobal
